# generated by rye
# use `rye lock` or `rye sync` to update this lockfile
#
# last locked with the following flags:
#   pre: false
#   features: []
#   all-features: false
#   with-sources: false

-e file:.
astropy==6.0.0
    # via sarjana
astropy-iers-data==0.2024.3.4.0.30.17
    # via astropy
click==8.1.7
    # via typer
colorama==0.4.6
    # via click
contourpy==1.2.0
    # via matplotlib
cycler==0.12.1
    # via matplotlib
cython==3.0.9
    # via py-pdm
fonttools==4.49.0
    # via matplotlib
kiwisolver==1.4.5
    # via matplotlib
markdown-it-py==3.0.0
    # via rich
matplotlib==3.8.3
    # via sarjana
    # via seaborn
mdurl==0.1.2
    # via markdown-it-py
numpy==1.26.4
    # via astropy
    # via contourpy
    # via matplotlib
    # via pandas
    # via py-pdm
    # via pyarrow
    # via pyerfa
    # via sarjana
    # via scipy
    # via seaborn
packaging==24.0
    # via astropy
    # via matplotlib
pandas==2.2.1
    # via sarjana
    # via seaborn
pillow==10.2.0
    # via matplotlib
py-pdm==0.6.0
    # via sarjana
pyarrow==15.0.1
    # via sarjana
pyerfa==2.0.1.1
    # via astropy
pygments==2.17.2
    # via rich
pyparsing==3.1.2
    # via matplotlib
pypdm==1.1
    # via sarjana
pyserial==3.5
    # via pypdm
python-dateutil==2.9.0.post0
    # via matplotlib
    # via pandas
pytz==2024.1
    # via pandas
pyyaml==6.0.1
    # via astropy
rich==13.7.1
    # via sarjana
scipy==1.12.0
    # via sarjana
seaborn==0.13.2
    # via sarjana
six==1.16.0
    # via python-dateutil
typer==0.9.0
    # via sarjana
typing-extensions==4.10.0
    # via typer
tzdata==2024.1
    # via pandas
