# generated by rye
# use `rye lock` or `rye sync` to update this lockfile
#
# last locked with the following flags:
#   pre: false
#   features: []
#   all-features: false
#   with-sources: false

-e file:.
astropy==4.3.1
    # via presto
cycler==0.11.0
    # via matplotlib
fonttools==4.38.0
    # via matplotlib
future==1.0.0
    # via presto
importlib-metadata==6.7.0
    # via astropy
kiwisolver==1.4.5
    # via matplotlib
matplotlib==3.5.3
    # via presto
numpy==1.21.6
    # via astropy
    # via matplotlib
    # via presto
    # via pyerfa
    # via pyslalib
    # via scipy
packaging==24.0
    # via matplotlib
pillow==9.5.0
    # via matplotlib
presto @ git+https://github.com/scottransom/presto.git
    # via use-presto
pyerfa==2.0.0.3
    # via astropy
pyparsing==3.1.2
    # via matplotlib
pyslalib==1.0.7
    # via presto
    # via use-presto
python-dateutil==2.9.0.post0
    # via matplotlib
scipy==1.7.3
    # via presto
six==1.16.0
    # via presto
    # via python-dateutil
typing-extensions==4.7.1
    # via importlib-metadata
    # via kiwisolver
zipp==3.15.0
    # via importlib-metadata
setuptools==60.0.0
    # via use-presto
